
Microsoft Visual Studio Solution File, Format Version 12.00
# Visual Studio 15
VisualStudioVersion = 15.0.28010.2003
MinimumVisualStudioVersion = 10.0.40219.1
Project("{FAE04EC0-301F-11D3-BF4B-00C04F79EFBC}") = "DiffRest", "DiffRest\DiffRest.csproj", "{0C195EB2-E363-4452-A360-FAE9CEBDB7C2}"
EndProject
Project("{FAE04EC0-301F-11D3-BF4B-00C04F79EFBC}") = "TestApp", "TestApp\TestApp.csproj", "{649C3A63-3FA2-4AAA-8757-20F1A721B02B}"
EndProject
Global
	GlobalSection(SolutionConfigurationPlatforms) = preSolution
		Debug|Any CPU = Debug|Any CPU
		Release|Any CPU = Release|Any CPU
	EndGlobalSection
	GlobalSection(ProjectConfigurationPlatforms) = postSolution
		{0C195EB2-E363-4452-A360-FAE9CEBDB7C2}.Debug|Any CPU.ActiveCfg = Debug|Any CPU
		{0C195EB2-E363-4452-A360-FAE9CEBDB7C2}.Debug|Any CPU.Build.0 = Debug|Any CPU
		{0C195EB2-E363-4452-A360-FAE9CEBDB7C2}.Release|Any CPU.ActiveCfg = Release|Any CPU
		{0C195EB2-E363-4452-A360-FAE9CEBDB7C2}.Release|Any CPU.Build.0 = Release|Any CPU
		{649C3A63-3FA2-4AAA-8757-20F1A721B02B}.Debug|Any CPU.ActiveCfg = Debug|Any CPU
		{649C3A63-3FA2-4AAA-8757-20F1A721B02B}.Debug|Any CPU.Build.0 = Debug|Any CPU
		{649C3A63-3FA2-4AAA-8757-20F1A721B02B}.Release|Any CPU.ActiveCfg = Release|Any CPU
		{649C3A63-3FA2-4AAA-8757-20F1A721B02B}.Release|Any CPU.Build.0 = Release|Any CPU
	EndGlobalSection
	GlobalSection(SolutionProperties) = preSolution
		HideSolutionNode = FALSE
	EndGlobalSection
	GlobalSection(ExtensibilityGlobals) = postSolution
		SolutionGuid = {5598919F-7D94-45BC-935C-3774F4667E56}
	EndGlobalSection
EndGlobal
