
Microsoft Visual Studio Solution File, Format Version 12.00
# Visual Studio Express 15 for Windows Desktop
VisualStudioVersion = 15.0.27703.2026
MinimumVisualStudioVersion = 10.0.40219.1
Project("{FAE04EC0-301F-11D3-BF4B-00C04F79EFBC}") = "HtmlXmlTest", "HtmlXmlTest\HtmlXmlTest.csproj", "{F88158F6-2AD1-4627-8E80-DCC18341D915}"
EndProject
Global
	GlobalSection(SolutionConfigurationPlatforms) = preSolution
		Debug|Any CPU = Debug|Any CPU
		Release|Any CPU = Release|Any CPU
	EndGlobalSection
	GlobalSection(ProjectConfigurationPlatforms) = postSolution
		{F88158F6-2AD1-4627-8E80-DCC18341D915}.Debug|Any CPU.ActiveCfg = Debug|Any CPU
		{F88158F6-2AD1-4627-8E80-DCC18341D915}.Debug|Any CPU.Build.0 = Debug|Any CPU
		{F88158F6-2AD1-4627-8E80-DCC18341D915}.Release|Any CPU.ActiveCfg = Release|Any CPU
		{F88158F6-2AD1-4627-8E80-DCC18341D915}.Release|Any CPU.Build.0 = Release|Any CPU
	EndGlobalSection
	GlobalSection(SolutionProperties) = preSolution
		HideSolutionNode = FALSE
	EndGlobalSection
	GlobalSection(ExtensibilityGlobals) = postSolution
		SolutionGuid = {301D0794-428F-44B9-898A-D3BA163C6078}
	EndGlobalSection
EndGlobal
